
Microsoft Visual Studio Solution File, Format Version 12.00
# Visual Studio Version 16
VisualStudioVersion = 16.0.30204.135
MinimumVisualStudioVersion = 10.0.40219.1
Project("{FAE04EC0-301F-11D3-BF4B-00C04F79EFBC}") = "smart-fabrics-dashboard", "smart-fabrics-dashboard\smart-fabrics-dashboard.csproj", "{3B04B69F-54AD-4A5A-BBA3-E0878CAEA3FC}"
EndProject
Global
	GlobalSection(SolutionConfigurationPlatforms) = preSolution
		Debug|Any CPU = Debug|Any CPU
		Release|Any CPU = Release|Any CPU
	EndGlobalSection
	GlobalSection(ProjectConfigurationPlatforms) = postSolution
		{3B04B69F-54AD-4A5A-BBA3-E0878CAEA3FC}.Debug|Any CPU.ActiveCfg = Debug|Any CPU
		{3B04B69F-54AD-4A5A-BBA3-E0878CAEA3FC}.Debug|Any CPU.Build.0 = Debug|Any CPU
		{3B04B69F-54AD-4A5A-BBA3-E0878CAEA3FC}.Release|Any CPU.ActiveCfg = Release|Any CPU
		{3B04B69F-54AD-4A5A-BBA3-E0878CAEA3FC}.Release|Any CPU.Build.0 = Release|Any CPU
	EndGlobalSection
	GlobalSection(SolutionProperties) = preSolution
		HideSolutionNode = FALSE
	EndGlobalSection
	GlobalSection(ExtensibilityGlobals) = postSolution
		SolutionGuid = {FF5C554A-0546-4010-BC53-7246CDC64934}
	EndGlobalSection
EndGlobal
